
Microsoft Visual Studio Solution File, Format Version 12.00
# Visual Studio 15
VisualStudioVersion = 15.0.28307.852
MinimumVisualStudioVersion = 10.0.40219.1
Project("{FAE04EC0-301F-11D3-BF4B-00C04F79EFBC}") = "NinetyNine", "NinetyNine.csproj", "{4894995E-960C-4E44-B889-B98188231678}"
EndProject
Project("{54435603-DBB4-11D2-8724-00A0C9A8B90C}") = "Setup", "Setup\Setup.vdproj", "{1549ACD8-6792-4225-BF34-7BB0068D3E90}"
EndProject
Global
	GlobalSection(SolutionConfigurationPlatforms) = preSolution
		Debug|Any CPU = Debug|Any CPU
		Release|Any CPU = Release|Any CPU
	EndGlobalSection
	GlobalSection(ProjectConfigurationPlatforms) = postSolution
		{4894995E-960C-4E44-B889-B98188231678}.Debug|Any CPU.ActiveCfg = Debug|Any CPU
		{4894995E-960C-4E44-B889-B98188231678}.Debug|Any CPU.Build.0 = Debug|Any CPU
		{4894995E-960C-4E44-B889-B98188231678}.Release|Any CPU.ActiveCfg = Release|Any CPU
		{4894995E-960C-4E44-B889-B98188231678}.Release|Any CPU.Build.0 = Release|Any CPU
		{1549ACD8-6792-4225-BF34-7BB0068D3E90}.Debug|Any CPU.ActiveCfg = Debug
		{1549ACD8-6792-4225-BF34-7BB0068D3E90}.Release|Any CPU.ActiveCfg = Release
	EndGlobalSection
	GlobalSection(SolutionProperties) = preSolution
		HideSolutionNode = FALSE
	EndGlobalSection
	GlobalSection(ExtensibilityGlobals) = postSolution
		SolutionGuid = {78C596C2-ECA0-4DB6-B5EF-E579CDB2D11A}
	EndGlobalSection
EndGlobal
